
Microsoft Visual Studio Solution File, Format Version 12.00
# Visual Studio Version 16
VisualStudioVersion = 16.0.31702.278
MinimumVisualStudioVersion = 10.0.40219.1
Project("{FAE04EC0-301F-11D3-BF4B-00C04F79EFBC}") = "VDIAZ.Semana7.Clase.Android", "VDIAZ.Semana7.Clase.Android\VDIAZ.Semana7.Clase.Android.csproj", "{D3B92DBE-BE66-431F-B175-ECCE7FFCCF2E}"
EndProject
Project("{FAE04EC0-301F-11D3-BF4B-00C04F79EFBC}") = "VDIAZ.Semana7.Clase.iOS", "VDIAZ.Semana7.Clase.iOS\VDIAZ.Semana7.Clase.iOS.csproj", "{B5A8722E-133A-4EC5-8BAE-3C2F071EA8F0}"
EndProject
Project("{FAE04EC0-301F-11D3-BF4B-00C04F79EFBC}") = "VDIAZ.Semana7.Clase", "VDIAZ.Semana7.Clase\VDIAZ.Semana7.Clase.csproj", "{4D469754-3ECE-49C5-BE7E-F4A5039ACA10}"
EndProject
Global
	GlobalSection(SolutionConfigurationPlatforms) = preSolution
		Debug|Any CPU = Debug|Any CPU
		Debug|iPhone = Debug|iPhone
		Debug|iPhoneSimulator = Debug|iPhoneSimulator
		Release|Any CPU = Release|Any CPU
		Release|iPhone = Release|iPhone
		Release|iPhoneSimulator = Release|iPhoneSimulator
	EndGlobalSection
	GlobalSection(ProjectConfigurationPlatforms) = postSolution
		{D3B92DBE-BE66-431F-B175-ECCE7FFCCF2E}.Debug|Any CPU.ActiveCfg = Debug|Any CPU
		{D3B92DBE-BE66-431F-B175-ECCE7FFCCF2E}.Debug|Any CPU.Build.0 = Debug|Any CPU
		{D3B92DBE-BE66-431F-B175-ECCE7FFCCF2E}.Debug|Any CPU.Deploy.0 = Debug|Any CPU
		{D3B92DBE-BE66-431F-B175-ECCE7FFCCF2E}.Debug|iPhone.ActiveCfg = Debug|Any CPU
		{D3B92DBE-BE66-431F-B175-ECCE7FFCCF2E}.Debug|iPhone.Build.0 = Debug|Any CPU
		{D3B92DBE-BE66-431F-B175-ECCE7FFCCF2E}.Debug|iPhone.Deploy.0 = Debug|Any CPU
		{D3B92DBE-BE66-431F-B175-ECCE7FFCCF2E}.Debug|iPhoneSimulator.ActiveCfg = Debug|Any CPU
		{D3B92DBE-BE66-431F-B175-ECCE7FFCCF2E}.Debug|iPhoneSimulator.Build.0 = Debug|Any CPU
		{D3B92DBE-BE66-431F-B175-ECCE7FFCCF2E}.Debug|iPhoneSimulator.Deploy.0 = Debug|Any CPU
		{D3B92DBE-BE66-431F-B175-ECCE7FFCCF2E}.Release|Any CPU.ActiveCfg = Release|Any CPU
		{D3B92DBE-BE66-431F-B175-ECCE7FFCCF2E}.Release|Any CPU.Build.0 = Release|Any CPU
		{D3B92DBE-BE66-431F-B175-ECCE7FFCCF2E}.Release|Any CPU.Deploy.0 = Release|Any CPU
		{D3B92DBE-BE66-431F-B175-ECCE7FFCCF2E}.Release|iPhone.ActiveCfg = Release|Any CPU
		{D3B92DBE-BE66-431F-B175-ECCE7FFCCF2E}.Release|iPhone.Build.0 = Release|Any CPU
		{D3B92DBE-BE66-431F-B175-ECCE7FFCCF2E}.Release|iPhone.Deploy.0 = Release|Any CPU
		{D3B92DBE-BE66-431F-B175-ECCE7FFCCF2E}.Release|iPhoneSimulator.ActiveCfg = Release|Any CPU
		{D3B92DBE-BE66-431F-B175-ECCE7FFCCF2E}.Release|iPhoneSimulator.Build.0 = Release|Any CPU
		{D3B92DBE-BE66-431F-B175-ECCE7FFCCF2E}.Release|iPhoneSimulator.Deploy.0 = Release|Any CPU
		{B5A8722E-133A-4EC5-8BAE-3C2F071EA8F0}.Debug|Any CPU.ActiveCfg = Debug|iPhone
		{B5A8722E-133A-4EC5-8BAE-3C2F071EA8F0}.Debug|Any CPU.Build.0 = Debug|iPhone
		{B5A8722E-133A-4EC5-8BAE-3C2F071EA8F0}.Debug|Any CPU.Deploy.0 = Debug|iPhone
		{B5A8722E-133A-4EC5-8BAE-3C2F071EA8F0}.Debug|iPhone.ActiveCfg = Debug|iPhone
		{B5A8722E-133A-4EC5-8BAE-3C2F071EA8F0}.Debug|iPhone.Build.0 = Debug|iPhone
		{B5A8722E-133A-4EC5-8BAE-3C2F071EA8F0}.Debug|iPhone.Deploy.0 = Debug|iPhone
		{B5A8722E-133A-4EC5-8BAE-3C2F071EA8F0}.Debug|iPhoneSimulator.ActiveCfg = Debug|iPhoneSimulator
		{B5A8722E-133A-4EC5-8BAE-3C2F071EA8F0}.Debug|iPhoneSimulator.Build.0 = Debug|iPhoneSimulator
		{B5A8722E-133A-4EC5-8BAE-3C2F071EA8F0}.Debug|iPhoneSimulator.Deploy.0 = Debug|iPhoneSimulator
		{B5A8722E-133A-4EC5-8BAE-3C2F071EA8F0}.Release|Any CPU.ActiveCfg = Release|iPhoneSimulator
		{B5A8722E-133A-4EC5-8BAE-3C2F071EA8F0}.Release|Any CPU.Build.0 = Release|iPhoneSimulator
		{B5A8722E-133A-4EC5-8BAE-3C2F071EA8F0}.Release|Any CPU.Deploy.0 = Release|iPhoneSimulator
		{B5A8722E-133A-4EC5-8BAE-3C2F071EA8F0}.Release|iPhone.ActiveCfg = Release|iPhone
		{B5A8722E-133A-4EC5-8BAE-3C2F071EA8F0}.Release|iPhone.Build.0 = Release|iPhone
		{B5A8722E-133A-4EC5-8BAE-3C2F071EA8F0}.Release|iPhone.Deploy.0 = Release|iPhone
		{B5A8722E-133A-4EC5-8BAE-3C2F071EA8F0}.Release|iPhoneSimulator.ActiveCfg = Release|iPhoneSimulator
		{B5A8722E-133A-4EC5-8BAE-3C2F071EA8F0}.Release|iPhoneSimulator.Build.0 = Release|iPhoneSimulator
		{B5A8722E-133A-4EC5-8BAE-3C2F071EA8F0}.Release|iPhoneSimulator.Deploy.0 = Release|iPhoneSimulator
		{4D469754-3ECE-49C5-BE7E-F4A5039ACA10}.Debug|Any CPU.ActiveCfg = Debug|Any CPU
		{4D469754-3ECE-49C5-BE7E-F4A5039ACA10}.Debug|Any CPU.Build.0 = Debug|Any CPU
		{4D469754-3ECE-49C5-BE7E-F4A5039ACA10}.Debug|Any CPU.Deploy.0 = Debug|Any CPU
		{4D469754-3ECE-49C5-BE7E-F4A5039ACA10}.Debug|iPhone.ActiveCfg = Debug|Any CPU
		{4D469754-3ECE-49C5-BE7E-F4A5039ACA10}.Debug|iPhone.Build.0 = Debug|Any CPU
		{4D469754-3ECE-49C5-BE7E-F4A5039ACA10}.Debug|iPhone.Deploy.0 = Debug|Any CPU
		{4D469754-3ECE-49C5-BE7E-F4A5039ACA10}.Debug|iPhoneSimulator.ActiveCfg = Debug|Any CPU
		{4D469754-3ECE-49C5-BE7E-F4A5039ACA10}.Debug|iPhoneSimulator.Build.0 = Debug|Any CPU
		{4D469754-3ECE-49C5-BE7E-F4A5039ACA10}.Debug|iPhoneSimulator.Deploy.0 = Debug|Any CPU
		{4D469754-3ECE-49C5-BE7E-F4A5039ACA10}.Release|Any CPU.ActiveCfg = Release|Any CPU
		{4D469754-3ECE-49C5-BE7E-F4A5039ACA10}.Release|Any CPU.Build.0 = Release|Any CPU
		{4D469754-3ECE-49C5-BE7E-F4A5039ACA10}.Release|Any CPU.Deploy.0 = Release|Any CPU
		{4D469754-3ECE-49C5-BE7E-F4A5039ACA10}.Release|iPhone.ActiveCfg = Release|Any CPU
		{4D469754-3ECE-49C5-BE7E-F4A5039ACA10}.Release|iPhone.Build.0 = Release|Any CPU
		{4D469754-3ECE-49C5-BE7E-F4A5039ACA10}.Release|iPhone.Deploy.0 = Release|Any CPU
		{4D469754-3ECE-49C5-BE7E-F4A5039ACA10}.Release|iPhoneSimulator.ActiveCfg = Release|Any CPU
		{4D469754-3ECE-49C5-BE7E-F4A5039ACA10}.Release|iPhoneSimulator.Build.0 = Release|Any CPU
		{4D469754-3ECE-49C5-BE7E-F4A5039ACA10}.Release|iPhoneSimulator.Deploy.0 = Release|Any CPU
	EndGlobalSection
	GlobalSection(SolutionProperties) = preSolution
		HideSolutionNode = FALSE
	EndGlobalSection
	GlobalSection(ExtensibilityGlobals) = postSolution
		SolutionGuid = {A2D990D7-3332-4CB7-B5F2-2E0D3BC7CC3F}
	EndGlobalSection
EndGlobal
